
Microsoft Visual Studio Solution File, Format Version 12.00
# Visual Studio Version 16
VisualStudioVersion = 16.0.30503.244
MinimumVisualStudioVersion = 10.0.40219.1
Project("{888888A0-9F3D-457C-B088-3A5042F75D52}") = "pong", "pong\pong.pyproj", "{0EE309AB-5B46-4782-ACD7-F855BFD02A49}"
EndProject
Global
	GlobalSection(SolutionConfigurationPlatforms) = preSolution
		Debug|Any CPU = Debug|Any CPU
		Release|Any CPU = Release|Any CPU
	EndGlobalSection
	GlobalSection(ProjectConfigurationPlatforms) = postSolution
		{0EE309AB-5B46-4782-ACD7-F855BFD02A49}.Debug|Any CPU.ActiveCfg = Debug|Any CPU
		{0EE309AB-5B46-4782-ACD7-F855BFD02A49}.Release|Any CPU.ActiveCfg = Release|Any CPU
	EndGlobalSection
	GlobalSection(SolutionProperties) = preSolution
		HideSolutionNode = FALSE
	EndGlobalSection
	GlobalSection(ExtensibilityGlobals) = postSolution
		SolutionGuid = {12861A98-817D-4617-81A3-9D07900549E4}
	EndGlobalSection
EndGlobal
